// !$*UTF8*$!
{
	archiveVersion = 1;
	classes = {
	};
	objectVersion = 55;
	objects = {

/* Begin PBXBuildFile section */
		2B5B37512730A9A800277739 /* GameMarketplaceViewCell.swift in Sources */ = {isa = PBXBuildFile; fileRef = 2B5B37502730A9A800277739 /* GameMarketplaceViewCell.swift */; };
		2B9C3146271F4BC3008A7676 /* GameHud.swift in Sources */ = {isa = PBXBuildFile; fileRef = 2B9C3145271F4BC3008A7676 /* GameHud.swift */; };
		2B9C314B271F50DD008A7676 /* Austral-Slab_Blur-Regular.otf in Resources */ = {isa = PBXBuildFile; fileRef = 2B9C314A271F50DD008A7676 /* Austral-Slab_Blur-Regular.otf */; };
		2BA6773227319A6C00D6F9EB /* GameAnnounceSceneViewController.swift in Sources */ = {isa = PBXBuildFile; fileRef = 2BA6773127319A6C00D6F9EB /* GameAnnounceSceneViewController.swift */; };
		2BA6773427319A8C00D6F9EB /* GameAnnounceViewCell.swift in Sources */ = {isa = PBXBuildFile; fileRef = 2BA6773327319A8C00D6F9EB /* GameAnnounceViewCell.swift */; };
		2BBEC8D52733097000D0F671 /* GameShopScene.storyboard in Resources */ = {isa = PBXBuildFile; fileRef = 2BBEC8D42733097000D0F671 /* GameShopScene.storyboard */; };
		2BBEC8D827330B8E00D0F671 /* GameShopViewCell.swift in Sources */ = {isa = PBXBuildFile; fileRef = 2BBEC8D727330B8E00D0F671 /* GameShopViewCell.swift */; };
		2BBEC8DA27330BA700D0F671 /* GameShopSceneViewController.swift in Sources */ = {isa = PBXBuildFile; fileRef = 2BBEC8D927330BA700D0F671 /* GameShopSceneViewController.swift */; };
		2BD3FBEF27285ED200B4B4E6 /* GameInventoryScene.storyboard in Resources */ = {isa = PBXBuildFile; fileRef = 2BD3FBEE27285ED200B4B4E6 /* GameInventoryScene.storyboard */; };
		2BD3FBF32728777400B4B4E6 /* GameChallengeScene.storyboard in Resources */ = {isa = PBXBuildFile; fileRef = 2BD3FBF22728777400B4B4E6 /* GameChallengeScene.storyboard */; };
		2BD3FBF52728778500B4B4E6 /* GameMarketplaceScene.storyboard in Resources */ = {isa = PBXBuildFile; fileRef = 2BD3FBF42728778500B4B4E6 /* GameMarketplaceScene.storyboard */; };
		2BD3FBF727287CBE00B4B4E6 /* UpgradeFactoryScene.storyboard in Resources */ = {isa = PBXBuildFile; fileRef = 2BD3FBF627287CBE00B4B4E6 /* UpgradeFactoryScene.storyboard */; };
		2BD3FBF927287D1300B4B4E6 /* UpgradeFactorySceneController.swift in Sources */ = {isa = PBXBuildFile; fileRef = 2BD3FBF827287D1300B4B4E6 /* UpgradeFactorySceneController.swift */; };
		2BD3FBFB2728866E00B4B4E6 /* GameInventoryViewCell.swift in Sources */ = {isa = PBXBuildFile; fileRef = 2BD3FBFA2728866E00B4B4E6 /* GameInventoryViewCell.swift */; };
		2BFF82B62721D96100F16F84 /* GameInventorySceneController.swift in Sources */ = {isa = PBXBuildFile; fileRef = 2BFF82B52721D96100F16F84 /* GameInventorySceneController.swift */; };
		2BFF82B82721D98400F16F84 /* GameChallengeSceneController.swift in Sources */ = {isa = PBXBuildFile; fileRef = 2BFF82B72721D98400F16F84 /* GameChallengeSceneController.swift */; };
		2BFF82BA2721D9A500F16F84 /* GameMarketplaceSceneController.swift in Sources */ = {isa = PBXBuildFile; fileRef = 2BFF82B92721D9A500F16F84 /* GameMarketplaceSceneController.swift */; };
		48096D2E271A144C00AB22AD /* CKRepository.swift in Sources */ = {isa = PBXBuildFile; fileRef = 48096D2D271A144C00AB22AD /* CKRepository.swift */; };
		480A2043272A7AB000F5BC49 /* FactoryVisualGenerator.swift in Sources */ = {isa = PBXBuildFile; fileRef = 480A2042272A7AB000F5BC49 /* FactoryVisualGenerator.swift */; };
		4850FF542718CB3B00C8CE97 /* CloudKit.framework in Frameworks */ = {isa = PBXBuildFile; fileRef = 4850FF532718CB3B00C8CE97 /* CloudKit.framework */; };
		487A19F02715504000723065 /* AppDelegate.swift in Sources */ = {isa = PBXBuildFile; fileRef = 487A19EF2715504000723065 /* AppDelegate.swift */; };
		487A19F62715504000723065 /* GameScene.swift in Sources */ = {isa = PBXBuildFile; fileRef = 487A19F52715504000723065 /* GameScene.swift */; };
		487A19F82715504000723065 /* GameViewController.swift in Sources */ = {isa = PBXBuildFile; fileRef = 487A19F72715504000723065 /* GameViewController.swift */; };
		487A19FB2715504000723065 /* Main.storyboard in Resources */ = {isa = PBXBuildFile; fileRef = 487A19F92715504000723065 /* Main.storyboard */; };
		487A19FD2715504300723065 /* Assets.xcassets in Resources */ = {isa = PBXBuildFile; fileRef = 487A19FC2715504300723065 /* Assets.xcassets */; };
		487A1A002715504300723065 /* LaunchScreen.storyboard in Resources */ = {isa = PBXBuildFile; fileRef = 487A19FE2715504300723065 /* LaunchScreen.storyboard */; };
		487A1A072715516900723065 /* Camera.swift in Sources */ = {isa = PBXBuildFile; fileRef = 487A1A062715516900723065 /* Camera.swift */; };
		487A1A09271551BA00723065 /* Generator.swift in Sources */ = {isa = PBXBuildFile; fileRef = 487A1A08271551BA00723065 /* Generator.swift */; };
		487A1A0B2715520D00723065 /* Upgradable.swift in Sources */ = {isa = PBXBuildFile; fileRef = 487A1A0A2715520D00723065 /* Upgradable.swift */; };
		48A6596B271E07A70021CD52 /* Resource.swift in Sources */ = {isa = PBXBuildFile; fileRef = 48A6596A271E07A70021CD52 /* Resource.swift */; };
		48A6596E271F5F470021CD52 /* Localizable.strings in Resources */ = {isa = PBXBuildFile; fileRef = 48A65970271F5F470021CD52 /* Localizable.strings */; };
		48A9AC4C273314BD007C5197 /* MarketPlaceOffer.swift in Sources */ = {isa = PBXBuildFile; fileRef = 48A9AC4B273314BD007C5197 /* MarketPlaceOffer.swift */; };
		553E7F74272099DB00165C8E /* GameSave.swift in Sources */ = {isa = PBXBuildFile; fileRef = 553E7F73272099DB00165C8E /* GameSave.swift */; };
		55439BC52721E87400F69461 /* functions.swift in Sources */ = {isa = PBXBuildFile; fileRef = 55439BC42721E87400F69461 /* functions.swift */; };
		55439BC72721F23D00F69461 /* DateApi.swift in Sources */ = {isa = PBXBuildFile; fileRef = 55439BC62721F23D00F69461 /* DateApi.swift */; };
		555DFCB72729BE0D006C60D9 /* UpgradeCell.swift in Sources */ = {isa = PBXBuildFile; fileRef = 555DFCB62729BE0D006C60D9 /* UpgradeCell.swift */; };
		5567745C271A09A7006BA5C0 /* Factory.swift in Sources */ = {isa = PBXBuildFile; fileRef = 5567745B271A09A7006BA5C0 /* Factory.swift */; };
		55BBAC15271F404A00A86A47 /* UIImageExtension.swift in Sources */ = {isa = PBXBuildFile; fileRef = 55BBAC12271F404A00A86A47 /* UIImageExtension.swift */; };
		55BBAC16271F404A00A86A47 /* GIFPlayerView.swift in Sources */ = {isa = PBXBuildFile; fileRef = 55BBAC13271F404A00A86A47 /* GIFPlayerView.swift */; };
		55BBAC17271F404A00A86A47 /* UIImageViewExtension.swift in Sources */ = {isa = PBXBuildFile; fileRef = 55BBAC14271F404A00A86A47 /* UIImageViewExtension.swift */; };
		55BD52A92718BC2C0057C7C0 /* User.swift in Sources */ = {isa = PBXBuildFile; fileRef = 55BD52A82718BC2C0057C7C0 /* User.swift */; };
		F8BF29E9273AECE6009152CA /* WelcomeBackViewController.swift in Sources */ = {isa = PBXBuildFile; fileRef = F8BF29E8273AECE6009152CA /* WelcomeBackViewController.swift */; };
		F8BF29ED273AED58009152CA /* WelcomeBack.storyboard in Resources */ = {isa = PBXBuildFile; fileRef = F8BF29EC273AED58009152CA /* WelcomeBack.storyboard */; };
/* End PBXBuildFile section */

/* Begin PBXFileReference section */
		2B5B37502730A9A800277739 /* GameMarketplaceViewCell.swift */ = {isa = PBXFileReference; lastKnownFileType = sourcecode.swift; path = GameMarketplaceViewCell.swift; sourceTree = "<group>"; };
		2B9C3145271F4BC3008A7676 /* GameHud.swift */ = {isa = PBXFileReference; fileEncoding = 4; lastKnownFileType = sourcecode.swift; path = GameHud.swift; sourceTree = "<group>"; };
		2B9C3147271F4C1B008A7676 /* Idle-Factory-Info.plist */ = {isa = PBXFileReference; lastKnownFileType = text.plist; path = "Idle-Factory-Info.plist"; sourceTree = SOURCE_ROOT; };
		2B9C314A271F50DD008A7676 /* Austral-Slab_Blur-Regular.otf */ = {isa = PBXFileReference; lastKnownFileType = file; path = "Austral-Slab_Blur-Regular.otf"; sourceTree = "<group>"; };
		2BA6773127319A6C00D6F9EB /* GameAnnounceSceneViewController.swift */ = {isa = PBXFileReference; lastKnownFileType = sourcecode.swift; path = GameAnnounceSceneViewController.swift; sourceTree = "<group>"; };
		2BA6773327319A8C00D6F9EB /* GameAnnounceViewCell.swift */ = {isa = PBXFileReference; lastKnownFileType = sourcecode.swift; path = GameAnnounceViewCell.swift; sourceTree = "<group>"; };
		2BBEC8D42733097000D0F671 /* GameShopScene.storyboard */ = {isa = PBXFileReference; lastKnownFileType = file.storyboard; path = GameShopScene.storyboard; sourceTree = "<group>"; };
		2BBEC8D727330B8E00D0F671 /* GameShopViewCell.swift */ = {isa = PBXFileReference; lastKnownFileType = sourcecode.swift; path = GameShopViewCell.swift; sourceTree = "<group>"; };
		2BBEC8D927330BA700D0F671 /* GameShopSceneViewController.swift */ = {isa = PBXFileReference; lastKnownFileType = sourcecode.swift; path = GameShopSceneViewController.swift; sourceTree = "<group>"; };
		2BD3FBEE27285ED200B4B4E6 /* GameInventoryScene.storyboard */ = {isa = PBXFileReference; lastKnownFileType = file.storyboard; path = GameInventoryScene.storyboard; sourceTree = "<group>"; };
		2BD3FBF22728777400B4B4E6 /* GameChallengeScene.storyboard */ = {isa = PBXFileReference; lastKnownFileType = file.storyboard; path = GameChallengeScene.storyboard; sourceTree = "<group>"; };
		2BD3FBF42728778500B4B4E6 /* GameMarketplaceScene.storyboard */ = {isa = PBXFileReference; lastKnownFileType = file.storyboard; path = GameMarketplaceScene.storyboard; sourceTree = "<group>"; };
		2BD3FBF627287CBE00B4B4E6 /* UpgradeFactoryScene.storyboard */ = {isa = PBXFileReference; lastKnownFileType = file.storyboard; path = UpgradeFactoryScene.storyboard; sourceTree = "<group>"; };
		2BD3FBF827287D1300B4B4E6 /* UpgradeFactorySceneController.swift */ = {isa = PBXFileReference; lastKnownFileType = sourcecode.swift; path = UpgradeFactorySceneController.swift; sourceTree = "<group>"; };
		2BD3FBFA2728866E00B4B4E6 /* GameInventoryViewCell.swift */ = {isa = PBXFileReference; lastKnownFileType = sourcecode.swift; path = GameInventoryViewCell.swift; sourceTree = "<group>"; };
		2BFF82B52721D96100F16F84 /* GameInventorySceneController.swift */ = {isa = PBXFileReference; lastKnownFileType = sourcecode.swift; path = GameInventorySceneController.swift; sourceTree = "<group>"; };
		2BFF82B72721D98400F16F84 /* GameChallengeSceneController.swift */ = {isa = PBXFileReference; lastKnownFileType = sourcecode.swift; path = GameChallengeSceneController.swift; sourceTree = "<group>"; };
		2BFF82B92721D9A500F16F84 /* GameMarketplaceSceneController.swift */ = {isa = PBXFileReference; lastKnownFileType = sourcecode.swift; path = GameMarketplaceSceneController.swift; sourceTree = "<group>"; };
		48096D2D271A144C00AB22AD /* CKRepository.swift */ = {isa = PBXFileReference; lastKnownFileType = sourcecode.swift; path = CKRepository.swift; sourceTree = "<group>"; };
		480A2042272A7AB000F5BC49 /* FactoryVisualGenerator.swift */ = {isa = PBXFileReference; lastKnownFileType = sourcecode.swift; path = FactoryVisualGenerator.swift; sourceTree = "<group>"; };
		4850FF512718CB3800C8CE97 /* Idle Factory.entitlements */ = {isa = PBXFileReference; lastKnownFileType = text.plist.entitlements; path = "Idle Factory.entitlements"; sourceTree = "<group>"; };
		4850FF532718CB3B00C8CE97 /* CloudKit.framework */ = {isa = PBXFileReference; lastKnownFileType = wrapper.framework; name = CloudKit.framework; path = System/Library/Frameworks/CloudKit.framework; sourceTree = SDKROOT; };
		487A19EC2715504000723065 /* Idle Factory.app */ = {isa = PBXFileReference; explicitFileType = wrapper.application; includeInIndex = 0; path = "Idle Factory.app"; sourceTree = BUILT_PRODUCTS_DIR; };
		487A19EF2715504000723065 /* AppDelegate.swift */ = {isa = PBXFileReference; lastKnownFileType = sourcecode.swift; path = AppDelegate.swift; sourceTree = "<group>"; };
		487A19F52715504000723065 /* GameScene.swift */ = {isa = PBXFileReference; lastKnownFileType = sourcecode.swift; path = GameScene.swift; sourceTree = "<group>"; };
		487A19F72715504000723065 /* GameViewController.swift */ = {isa = PBXFileReference; lastKnownFileType = sourcecode.swift; path = GameViewController.swift; sourceTree = "<group>"; };
		487A19FA2715504000723065 /* Base */ = {isa = PBXFileReference; lastKnownFileType = file.storyboard; name = Base; path = Base.lproj/Main.storyboard; sourceTree = "<group>"; };
		487A19FC2715504300723065 /* Assets.xcassets */ = {isa = PBXFileReference; lastKnownFileType = folder.assetcatalog; path = Assets.xcassets; sourceTree = "<group>"; };
		487A19FF2715504300723065 /* Base */ = {isa = PBXFileReference; lastKnownFileType = file.storyboard; name = Base; path = Base.lproj/LaunchScreen.storyboard; sourceTree = "<group>"; };
		487A1A062715516900723065 /* Camera.swift */ = {isa = PBXFileReference; lastKnownFileType = sourcecode.swift; path = Camera.swift; sourceTree = "<group>"; };
		487A1A08271551BA00723065 /* Generator.swift */ = {isa = PBXFileReference; lastKnownFileType = sourcecode.swift; path = Generator.swift; sourceTree = "<group>"; };
		487A1A0A2715520D00723065 /* Upgradable.swift */ = {isa = PBXFileReference; lastKnownFileType = sourcecode.swift; path = Upgradable.swift; sourceTree = "<group>"; };
		48A6596A271E07A70021CD52 /* Resource.swift */ = {isa = PBXFileReference; lastKnownFileType = sourcecode.swift; path = Resource.swift; sourceTree = "<group>"; };
		48A6596F271F5F470021CD52 /* en */ = {isa = PBXFileReference; lastKnownFileType = text.plist.strings; name = en; path = en.lproj/Localizable.strings; sourceTree = "<group>"; };
		48A65971271F5F5E0021CD52 /* pt-BR */ = {isa = PBXFileReference; lastKnownFileType = text.plist.strings; name = "pt-BR"; path = "pt-BR.lproj/Main.strings"; sourceTree = "<group>"; };
		48A65972271F5F5E0021CD52 /* pt-BR */ = {isa = PBXFileReference; lastKnownFileType = text.plist.strings; name = "pt-BR"; path = "pt-BR.lproj/LaunchScreen.strings"; sourceTree = "<group>"; };
		48A65973271F5F5E0021CD52 /* pt-BR */ = {isa = PBXFileReference; lastKnownFileType = text.plist.strings; name = "pt-BR"; path = "pt-BR.lproj/Localizable.strings"; sourceTree = "<group>"; };
		48A9AC4B273314BD007C5197 /* MarketPlaceOffer.swift */ = {isa = PBXFileReference; lastKnownFileType = sourcecode.swift; path = MarketPlaceOffer.swift; sourceTree = "<group>"; };
		553E7F73272099DB00165C8E /* GameSave.swift */ = {isa = PBXFileReference; lastKnownFileType = sourcecode.swift; path = GameSave.swift; sourceTree = "<group>"; };
		55439BC42721E87400F69461 /* functions.swift */ = {isa = PBXFileReference; lastKnownFileType = sourcecode.swift; path = functions.swift; sourceTree = "<group>"; };
		55439BC62721F23D00F69461 /* DateApi.swift */ = {isa = PBXFileReference; lastKnownFileType = sourcecode.swift; path = DateApi.swift; sourceTree = "<group>"; };
		555DFCB62729BE0D006C60D9 /* UpgradeCell.swift */ = {isa = PBXFileReference; lastKnownFileType = sourcecode.swift; path = UpgradeCell.swift; sourceTree = "<group>"; };
		5567745B271A09A7006BA5C0 /* Factory.swift */ = {isa = PBXFileReference; lastKnownFileType = sourcecode.swift; path = Factory.swift; sourceTree = "<group>"; };
		55BBAC12271F404A00A86A47 /* UIImageExtension.swift */ = {isa = PBXFileReference; fileEncoding = 4; lastKnownFileType = sourcecode.swift; path = UIImageExtension.swift; sourceTree = "<group>"; };
		55BBAC13271F404A00A86A47 /* GIFPlayerView.swift */ = {isa = PBXFileReference; fileEncoding = 4; lastKnownFileType = sourcecode.swift; path = GIFPlayerView.swift; sourceTree = "<group>"; };
		55BBAC14271F404A00A86A47 /* UIImageViewExtension.swift */ = {isa = PBXFileReference; fileEncoding = 4; lastKnownFileType = sourcecode.swift; path = UIImageViewExtension.swift; sourceTree = "<group>"; };
		55BD52A82718BC2C0057C7C0 /* User.swift */ = {isa = PBXFileReference; lastKnownFileType = sourcecode.swift; path = User.swift; sourceTree = "<group>"; };
		F8BF29E8273AECE6009152CA /* WelcomeBackViewController.swift */ = {isa = PBXFileReference; lastKnownFileType = sourcecode.swift; path = WelcomeBackViewController.swift; sourceTree = "<group>"; };
		F8BF29EC273AED58009152CA /* WelcomeBack.storyboard */ = {isa = PBXFileReference; lastKnownFileType = file.storyboard; path = WelcomeBack.storyboard; sourceTree = "<group>"; };
/* End PBXFileReference section */

/* Begin PBXFrameworksBuildPhase section */
		487A19E92715504000723065 /* Frameworks */ = {
			isa = PBXFrameworksBuildPhase;
			buildActionMask = 2147483647;
			files = (
				4850FF542718CB3B00C8CE97 /* CloudKit.framework in Frameworks */,
			);
			runOnlyForDeploymentPostprocessing = 0;
		};
/* End PBXFrameworksBuildPhase section */

/* Begin PBXGroup section */
		2B0D6D5027231F4100F7390E /* HUD Actions */ = {
			isa = PBXGroup;
			children = (
				2BD3FBED27285EB200B4B4E6 /* GameInventoryScene */,
				2BD3FBF02728770000B4B4E6 /* GameChallengeScene */,
				2BD3FBF12728770B00B4B4E6 /* GameMarketplaceScene */,
				2BBEC8D62733097700D0F671 /* GameShopScene */,
			);
			path = "HUD Actions";
			sourceTree = "<group>";
		};
		2B0D6D5127231F6500F7390E /* HUD */ = {
			isa = PBXGroup;
			children = (
				2B9C3145271F4BC3008A7676 /* GameHud.swift */,
				2B0D6D5027231F4100F7390E /* HUD Actions */,
			);
			path = HUD;
			sourceTree = "<group>";
		};
		2B0F084127249BF2009F024C /* Fonts */ = {
			isa = PBXGroup;
			children = (
				2B9C314A271F50DD008A7676 /* Austral-Slab_Blur-Regular.otf */,
			);
			path = Fonts;
			sourceTree = "<group>";
		};
		2BA6773527319A9200D6F9EB /* Announces */ = {
			isa = PBXGroup;
			children = (
				2BA6773127319A6C00D6F9EB /* GameAnnounceSceneViewController.swift */,
				2BA6773327319A8C00D6F9EB /* GameAnnounceViewCell.swift */,
			);
			path = Announces;
			sourceTree = "<group>";
		};
		2BBEC8D62733097700D0F671 /* GameShopScene */ = {
			isa = PBXGroup;
			children = (
				2BBEC8D42733097000D0F671 /* GameShopScene.storyboard */,
				2BBEC8D727330B8E00D0F671 /* GameShopViewCell.swift */,
				2BBEC8D927330BA700D0F671 /* GameShopSceneViewController.swift */,
			);
			path = GameShopScene;
			sourceTree = "<group>";
		};
		2BD3FBED27285EB200B4B4E6 /* GameInventoryScene */ = {
			isa = PBXGroup;
			children = (
				2BFF82B52721D96100F16F84 /* GameInventorySceneController.swift */,
				2BD3FBEE27285ED200B4B4E6 /* GameInventoryScene.storyboard */,
				2BD3FBFA2728866E00B4B4E6 /* GameInventoryViewCell.swift */,
			);
			path = GameInventoryScene;
			sourceTree = "<group>";
		};
		2BD3FBF02728770000B4B4E6 /* GameChallengeScene */ = {
			isa = PBXGroup;
			children = (
				2BFF82B72721D98400F16F84 /* GameChallengeSceneController.swift */,
				2BD3FBF22728777400B4B4E6 /* GameChallengeScene.storyboard */,
			);
			path = GameChallengeScene;
			sourceTree = "<group>";
		};
		2BD3FBF12728770B00B4B4E6 /* GameMarketplaceScene */ = {
			isa = PBXGroup;
			children = (
				2BFF82B92721D9A500F16F84 /* GameMarketplaceSceneController.swift */,
				2BD3FBF42728778500B4B4E6 /* GameMarketplaceScene.storyboard */,
				2B5B37502730A9A800277739 /* GameMarketplaceViewCell.swift */,
				2BA6773527319A9200D6F9EB /* Announces */,
			);
			path = GameMarketplaceScene;
			sourceTree = "<group>";
		};
		4850FF522718CB3B00C8CE97 /* Frameworks */ = {
			isa = PBXGroup;
			children = (
				4850FF532718CB3B00C8CE97 /* CloudKit.framework */,
			);
			name = Frameworks;
			sourceTree = "<group>";
		};
		487A19E32715504000723065 = {
			isa = PBXGroup;
			children = (
				487A19EE2715504000723065 /* Idle Factory */,
				487A19ED2715504000723065 /* Products */,
				4850FF522718CB3B00C8CE97 /* Frameworks */,
			);
			sourceTree = "<group>";
		};
		487A19ED2715504000723065 /* Products */ = {
			isa = PBXGroup;
			children = (
				487A19EC2715504000723065 /* Idle Factory.app */,
			);
			name = Products;
			sourceTree = "<group>";
		};
		487A19EE2715504000723065 /* Idle Factory */ = {
			isa = PBXGroup;
			children = (
				555DFCB52729BDC5006C60D9 /* UpgradeFactory */,
				2B9C3147271F4C1B008A7676 /* Idle-Factory-Info.plist */,
				55BBAC11271F3FE500A86A47 /* GIF Extension */,
				4850FF512718CB3800C8CE97 /* Idle Factory.entitlements */,
				487A19EF2715504000723065 /* AppDelegate.swift */,
				487A19F52715504000723065 /* GameScene.swift */,
				487A19F72715504000723065 /* GameViewController.swift */,
				487A19F92715504000723065 /* Main.storyboard */,
				487A19FC2715504300723065 /* Assets.xcassets */,
				487A19FE2715504300723065 /* LaunchScreen.storyboard */,
				487A1A062715516900723065 /* Camera.swift */,
				2B0D6D5127231F6500F7390E /* HUD */,
				2B0F084127249BF2009F024C /* Fonts */,
				487A1A0E271552C700723065 /* Base */,
				553E7F73272099DB00165C8E /* GameSave.swift */,
				48A65970271F5F470021CD52 /* Localizable.strings */,
				55439BC62721F23D00F69461 /* DateApi.swift */,
				F8BF29E7273AEC9C009152CA /* PopUp */,
			);
			path = "Idle Factory";
			sourceTree = "<group>";
		};
		487A1A0E271552C700723065 /* Base */ = {
			isa = PBXGroup;
			children = (
				487A1A08271551BA00723065 /* Generator.swift */,
				487A1A0A2715520D00723065 /* Upgradable.swift */,
				55BD52A82718BC2C0057C7C0 /* User.swift */,
				5567745B271A09A7006BA5C0 /* Factory.swift */,
				48096D2D271A144C00AB22AD /* CKRepository.swift */,
				48A6596A271E07A70021CD52 /* Resource.swift */,
				55439BC42721E87400F69461 /* functions.swift */,
				480A2042272A7AB000F5BC49 /* FactoryVisualGenerator.swift */,
				48A9AC4B273314BD007C5197 /* MarketPlaceOffer.swift */,
			);
			path = Base;
			sourceTree = "<group>";
		};
		555DFCB52729BDC5006C60D9 /* UpgradeFactory */ = {
			isa = PBXGroup;
			children = (
				2BD3FBF627287CBE00B4B4E6 /* UpgradeFactoryScene.storyboard */,
				2BD3FBF827287D1300B4B4E6 /* UpgradeFactorySceneController.swift */,
				555DFCB62729BE0D006C60D9 /* UpgradeCell.swift */,
			);
			path = UpgradeFactory;
			sourceTree = "<group>";
		};
		55BBAC11271F3FE500A86A47 /* GIF Extension */ = {
			isa = PBXGroup;
			children = (
				55BBAC13271F404A00A86A47 /* GIFPlayerView.swift */,
				55BBAC12271F404A00A86A47 /* UIImageExtension.swift */,
				55BBAC14271F404A00A86A47 /* UIImageViewExtension.swift */,
			);
			path = "GIF Extension";
			sourceTree = "<group>";
		};
		F8BF29E7273AEC9C009152CA /* PopUp */ = {
			isa = PBXGroup;
			children = (
				F8BF29E8273AECE6009152CA /* WelcomeBackViewController.swift */,
				F8BF29EC273AED58009152CA /* WelcomeBack.storyboard */,
			);
			path = PopUp;
			sourceTree = "<group>";
		};
/* End PBXGroup section */

/* Begin PBXNativeTarget section */
		487A19EB2715504000723065 /* Idle Factory */ = {
			isa = PBXNativeTarget;
			buildConfigurationList = 487A1A032715504300723065 /* Build configuration list for PBXNativeTarget "Idle Factory" */;
			buildPhases = (
				487A19E82715504000723065 /* Sources */,
				487A19E92715504000723065 /* Frameworks */,
				487A19EA2715504000723065 /* Resources */,
			);
			buildRules = (
			);
			dependencies = (
			);
			name = "Idle Factory";
			productName = "Idle Factory";
			productReference = 487A19EC2715504000723065 /* Idle Factory.app */;
			productType = "com.apple.product-type.application";
		};
/* End PBXNativeTarget section */

/* Begin PBXProject section */
		487A19E42715504000723065 /* Project object */ = {
			isa = PBXProject;
			attributes = {
				BuildIndependentTargetsInParallel = 1;
				LastSwiftUpdateCheck = 1300;
				LastUpgradeCheck = 1300;
				TargetAttributes = {
					487A19EB2715504000723065 = {
						CreatedOnToolsVersion = 13.0;
					};
				};
			};
			buildConfigurationList = 487A19E72715504000723065 /* Build configuration list for PBXProject "Idle Factory" */;
			compatibilityVersion = "Xcode 13.0";
			developmentRegion = en;
			hasScannedForEncodings = 0;
			knownRegions = (
				en,
				Base,
				"pt-BR",
			);
			mainGroup = 487A19E32715504000723065;
			productRefGroup = 487A19ED2715504000723065 /* Products */;
			projectDirPath = "";
			projectRoot = "";
			targets = (
				487A19EB2715504000723065 /* Idle Factory */,
			);
		};
/* End PBXProject section */

/* Begin PBXResourcesBuildPhase section */
		487A19EA2715504000723065 /* Resources */ = {
			isa = PBXResourcesBuildPhase;
			buildActionMask = 2147483647;
			files = (
				487A19FB2715504000723065 /* Main.storyboard in Resources */,
				2BD3FBF32728777400B4B4E6 /* GameChallengeScene.storyboard in Resources */,
				F8BF29ED273AED58009152CA /* WelcomeBack.storyboard in Resources */,
				48A6596E271F5F470021CD52 /* Localizable.strings in Resources */,
				487A19FD2715504300723065 /* Assets.xcassets in Resources */,
				487A1A002715504300723065 /* LaunchScreen.storyboard in Resources */,
				2BD3FBEF27285ED200B4B4E6 /* GameInventoryScene.storyboard in Resources */,
				2B9C314B271F50DD008A7676 /* Austral-Slab_Blur-Regular.otf in Resources */,
				2BBEC8D52733097000D0F671 /* GameShopScene.storyboard in Resources */,
				2BD3FBF727287CBE00B4B4E6 /* UpgradeFactoryScene.storyboard in Resources */,
				2BD3FBF52728778500B4B4E6 /* GameMarketplaceScene.storyboard in Resources */,
			);
			runOnlyForDeploymentPostprocessing = 0;
		};
/* End PBXResourcesBuildPhase section */

/* Begin PBXSourcesBuildPhase section */
		487A19E82715504000723065 /* Sources */ = {
			isa = PBXSourcesBuildPhase;
			buildActionMask = 2147483647;
			files = (
				2BFF82B62721D96100F16F84 /* GameInventorySceneController.swift in Sources */,
				5567745C271A09A7006BA5C0 /* Factory.swift in Sources */,
				48096D2E271A144C00AB22AD /* CKRepository.swift in Sources */,
				553E7F74272099DB00165C8E /* GameSave.swift in Sources */,
				55BBAC17271F404A00A86A47 /* UIImageViewExtension.swift in Sources */,
				2BFF82B82721D98400F16F84 /* GameChallengeSceneController.swift in Sources */,
				2BA6773227319A6C00D6F9EB /* GameAnnounceSceneViewController.swift in Sources */,
				487A1A0B2715520D00723065 /* Upgradable.swift in Sources */,
				2BFF82BA2721D9A500F16F84 /* GameMarketplaceSceneController.swift in Sources */,
				2BBEC8DA27330BA700D0F671 /* GameShopSceneViewController.swift in Sources */,
				48A6596B271E07A70021CD52 /* Resource.swift in Sources */,
				2BD3FBFB2728866E00B4B4E6 /* GameInventoryViewCell.swift in Sources */,
				55BBAC16271F404A00A86A47 /* GIFPlayerView.swift in Sources */,
				555DFCB72729BE0D006C60D9 /* UpgradeCell.swift in Sources */,
				55439BC72721F23D00F69461 /* DateApi.swift in Sources */,
				2BD3FBF927287D1300B4B4E6 /* UpgradeFactorySceneController.swift in Sources */,
				2B5B37512730A9A800277739 /* GameMarketplaceViewCell.swift in Sources */,
				55BBAC15271F404A00A86A47 /* UIImageExtension.swift in Sources */,
				487A1A072715516900723065 /* Camera.swift in Sources */,
				487A19F62715504000723065 /* GameScene.swift in Sources */,
				48A9AC4C273314BD007C5197 /* MarketPlaceOffer.swift in Sources */,
				F8BF29E9273AECE6009152CA /* WelcomeBackViewController.swift in Sources */,
				487A19F82715504000723065 /* GameViewController.swift in Sources */,
				55BD52A92718BC2C0057C7C0 /* User.swift in Sources */,
				55439BC52721E87400F69461 /* functions.swift in Sources */,
				2B9C3146271F4BC3008A7676 /* GameHud.swift in Sources */,
				480A2043272A7AB000F5BC49 /* FactoryVisualGenerator.swift in Sources */,
				2BBEC8D827330B8E00D0F671 /* GameShopViewCell.swift in Sources */,
				487A19F02715504000723065 /* AppDelegate.swift in Sources */,
				487A1A09271551BA00723065 /* Generator.swift in Sources */,
				2BA6773427319A8C00D6F9EB /* GameAnnounceViewCell.swift in Sources */,
			);
			runOnlyForDeploymentPostprocessing = 0;
		};
/* End PBXSourcesBuildPhase section */

/* Begin PBXVariantGroup section */
		487A19F92715504000723065 /* Main.storyboard */ = {
			isa = PBXVariantGroup;
			children = (
				487A19FA2715504000723065 /* Base */,
				48A65971271F5F5E0021CD52 /* pt-BR */,
			);
			name = Main.storyboard;
			sourceTree = "<group>";
		};
		487A19FE2715504300723065 /* LaunchScreen.storyboard */ = {
			isa = PBXVariantGroup;
			children = (
				487A19FF2715504300723065 /* Base */,
				48A65972271F5F5E0021CD52 /* pt-BR */,
			);
			name = LaunchScreen.storyboard;
			sourceTree = "<group>";
		};
		48A65970271F5F470021CD52 /* Localizable.strings */ = {
			isa = PBXVariantGroup;
			children = (
				48A6596F271F5F470021CD52 /* en */,
				48A65973271F5F5E0021CD52 /* pt-BR */,
			);
			name = Localizable.strings;
			sourceTree = "<group>";
		};
/* End PBXVariantGroup section */

/* Begin XCBuildConfiguration section */
		487A1A012715504300723065 /* Debug */ = {
			isa = XCBuildConfiguration;
			buildSettings = {
				ALWAYS_SEARCH_USER_PATHS = NO;
				CLANG_ANALYZER_LOCALIZABILITY_NONLOCALIZED = YES;
				CLANG_ANALYZER_NONNULL = YES;
				CLANG_ANALYZER_NUMBER_OBJECT_CONVERSION = YES_AGGRESSIVE;
				CLANG_CXX_LANGUAGE_STANDARD = "gnu++17";
				CLANG_CXX_LIBRARY = "libc++";
				CLANG_ENABLE_MODULES = YES;
				CLANG_ENABLE_OBJC_ARC = YES;
				CLANG_ENABLE_OBJC_WEAK = YES;
				CLANG_WARN_BLOCK_CAPTURE_AUTORELEASING = YES;
				CLANG_WARN_BOOL_CONVERSION = YES;
				CLANG_WARN_COMMA = YES;
				CLANG_WARN_CONSTANT_CONVERSION = YES;
				CLANG_WARN_DEPRECATED_OBJC_IMPLEMENTATIONS = YES;
				CLANG_WARN_DIRECT_OBJC_ISA_USAGE = YES_ERROR;
				CLANG_WARN_DOCUMENTATION_COMMENTS = YES;
				CLANG_WARN_EMPTY_BODY = YES;
				CLANG_WARN_ENUM_CONVERSION = YES;
				CLANG_WARN_INFINITE_RECURSION = YES;
				CLANG_WARN_INT_CONVERSION = YES;
				CLANG_WARN_NON_LITERAL_NULL_CONVERSION = YES;
				CLANG_WARN_OBJC_IMPLICIT_RETAIN_SELF = YES;
				CLANG_WARN_OBJC_LITERAL_CONVERSION = YES;
				CLANG_WARN_OBJC_ROOT_CLASS = YES_ERROR;
				CLANG_WARN_QUOTED_INCLUDE_IN_FRAMEWORK_HEADER = YES;
				CLANG_WARN_RANGE_LOOP_ANALYSIS = YES;
				CLANG_WARN_STRICT_PROTOTYPES = YES;
				CLANG_WARN_SUSPICIOUS_MOVE = YES;
				CLANG_WARN_UNGUARDED_AVAILABILITY = YES_AGGRESSIVE;
				CLANG_WARN_UNREACHABLE_CODE = YES;
				CLANG_WARN__DUPLICATE_METHOD_MATCH = YES;
				COPY_PHASE_STRIP = NO;
				DEBUG_INFORMATION_FORMAT = dwarf;
				ENABLE_STRICT_OBJC_MSGSEND = YES;
				ENABLE_TESTABILITY = YES;
				GCC_C_LANGUAGE_STANDARD = gnu11;
				GCC_DYNAMIC_NO_PIC = NO;
				GCC_NO_COMMON_BLOCKS = YES;
				GCC_OPTIMIZATION_LEVEL = 0;
				GCC_PREPROCESSOR_DEFINITIONS = (
					"DEBUG=1",
					"$(inherited)",
				);
				GCC_WARN_64_TO_32_BIT_CONVERSION = YES;
				GCC_WARN_ABOUT_RETURN_TYPE = YES_ERROR;
				GCC_WARN_UNDECLARED_SELECTOR = YES;
				GCC_WARN_UNINITIALIZED_AUTOS = YES_AGGRESSIVE;
				GCC_WARN_UNUSED_FUNCTION = YES;
				GCC_WARN_UNUSED_VARIABLE = YES;
				IPHONEOS_DEPLOYMENT_TARGET = 15.0;
				MTL_ENABLE_DEBUG_INFO = INCLUDE_SOURCE;
				MTL_FAST_MATH = YES;
				ONLY_ACTIVE_ARCH = YES;
				SDKROOT = iphoneos;
				SWIFT_ACTIVE_COMPILATION_CONDITIONS = DEBUG;
				SWIFT_OPTIMIZATION_LEVEL = "-Onone";
			};
			name = Debug;
		};
		487A1A022715504300723065 /* Release */ = {
			isa = XCBuildConfiguration;
			buildSettings = {
				ALWAYS_SEARCH_USER_PATHS = NO;
				CLANG_ANALYZER_LOCALIZABILITY_NONLOCALIZED = YES;
				CLANG_ANALYZER_NONNULL = YES;
				CLANG_ANALYZER_NUMBER_OBJECT_CONVERSION = YES_AGGRESSIVE;
				CLANG_CXX_LANGUAGE_STANDARD = "gnu++17";
				CLANG_CXX_LIBRARY = "libc++";
				CLANG_ENABLE_MODULES = YES;
				CLANG_ENABLE_OBJC_ARC = YES;
				CLANG_ENABLE_OBJC_WEAK = YES;
				CLANG_WARN_BLOCK_CAPTURE_AUTORELEASING = YES;
				CLANG_WARN_BOOL_CONVERSION = YES;
				CLANG_WARN_COMMA = YES;
				CLANG_WARN_CONSTANT_CONVERSION = YES;
				CLANG_WARN_DEPRECATED_OBJC_IMPLEMENTATIONS = YES;
				CLANG_WARN_DIRECT_OBJC_ISA_USAGE = YES_ERROR;
				CLANG_WARN_DOCUMENTATION_COMMENTS = YES;
				CLANG_WARN_EMPTY_BODY = YES;
				CLANG_WARN_ENUM_CONVERSION = YES;
				CLANG_WARN_INFINITE_RECURSION = YES;
				CLANG_WARN_INT_CONVERSION = YES;
				CLANG_WARN_NON_LITERAL_NULL_CONVERSION = YES;
				CLANG_WARN_OBJC_IMPLICIT_RETAIN_SELF = YES;
				CLANG_WARN_OBJC_LITERAL_CONVERSION = YES;
				CLANG_WARN_OBJC_ROOT_CLASS = YES_ERROR;
				CLANG_WARN_QUOTED_INCLUDE_IN_FRAMEWORK_HEADER = YES;
				CLANG_WARN_RANGE_LOOP_ANALYSIS = YES;
				CLANG_WARN_STRICT_PROTOTYPES = YES;
				CLANG_WARN_SUSPICIOUS_MOVE = YES;
				CLANG_WARN_UNGUARDED_AVAILABILITY = YES_AGGRESSIVE;
				CLANG_WARN_UNREACHABLE_CODE = YES;
				CLANG_WARN__DUPLICATE_METHOD_MATCH = YES;
				COPY_PHASE_STRIP = NO;
				DEBUG_INFORMATION_FORMAT = "dwarf-with-dsym";
				ENABLE_NS_ASSERTIONS = NO;
				ENABLE_STRICT_OBJC_MSGSEND = YES;
				GCC_C_LANGUAGE_STANDARD = gnu11;
				GCC_NO_COMMON_BLOCKS = YES;
				GCC_WARN_64_TO_32_BIT_CONVERSION = YES;
				GCC_WARN_ABOUT_RETURN_TYPE = YES_ERROR;
				GCC_WARN_UNDECLARED_SELECTOR = YES;
				GCC_WARN_UNINITIALIZED_AUTOS = YES_AGGRESSIVE;
				GCC_WARN_UNUSED_FUNCTION = YES;
				GCC_WARN_UNUSED_VARIABLE = YES;
				IPHONEOS_DEPLOYMENT_TARGET = 15.0;
				MTL_ENABLE_DEBUG_INFO = NO;
				MTL_FAST_MATH = YES;
				SDKROOT = iphoneos;
				SWIFT_COMPILATION_MODE = wholemodule;
				SWIFT_OPTIMIZATION_LEVEL = "-O";
				VALIDATE_PRODUCT = YES;
			};
			name = Release;
		};
		487A1A042715504300723065 /* Debug */ = {
			isa = XCBuildConfiguration;
			buildSettings = {
				ASSETCATALOG_COMPILER_APPICON_NAME = AppIcon;
				ASSETCATALOG_COMPILER_GLOBAL_ACCENT_COLOR_NAME = AccentColor;
				CODE_SIGN_ENTITLEMENTS = "Idle Factory/Idle Factory.entitlements";
				CODE_SIGN_IDENTITY = "iPhone Developer";
				CODE_SIGN_STYLE = Manual;
				CURRENT_PROJECT_VERSION = 1;
				DEVELOPMENT_TEAM = 6GD2RK7JQN;
				GENERATE_INFOPLIST_FILE = YES;
				INFOPLIST_FILE = "Idle-Factory-Info.plist";
				INFOPLIST_KEY_UIApplicationSupportsIndirectInputEvents = YES;
				INFOPLIST_KEY_UILaunchStoryboardName = LaunchScreen;
				INFOPLIST_KEY_UIMainStoryboardFile = Main;
				INFOPLIST_KEY_UIRequiresFullScreen = YES;
				INFOPLIST_KEY_UIStatusBarHidden = YES;
				INFOPLIST_KEY_UISupportedInterfaceOrientations_iPad = UIInterfaceOrientationLandscapeRight;
				INFOPLIST_KEY_UISupportedInterfaceOrientations_iPhone = UIInterfaceOrientationLandscapeRight;
				IPHONEOS_DEPLOYMENT_TARGET = 14.0;
				LD_RUNPATH_SEARCH_PATHS = (
					"$(inherited)",
					"@executable_path/Frameworks",
				);
				MARKETING_VERSION = 1.0;
				PRODUCT_BUNDLE_IDENTIFIER = "LucasJusto.Idle-Factory";
				PRODUCT_NAME = "$(TARGET_NAME)";
				PROVISIONING_PROFILE_SPECIFIER = IdleFactory;
				SWIFT_EMIT_LOC_STRINGS = YES;
				SWIFT_VERSION = 5.0;
				TARGETED_DEVICE_FAMILY = "1,2";
			};
			name = Debug;
		};
		487A1A052715504300723065 /* Release */ = {
			isa = XCBuildConfiguration;
			buildSettings = {
				ASSETCATALOG_COMPILER_APPICON_NAME = AppIcon;
				ASSETCATALOG_COMPILER_GLOBAL_ACCENT_COLOR_NAME = AccentColor;
				CODE_SIGN_ENTITLEMENTS = "Idle Factory/Idle Factory.entitlements";
				CODE_SIGN_IDENTITY = "iPhone Developer";
				CODE_SIGN_STYLE = Manual;
				CURRENT_PROJECT_VERSION = 1;
				DEVELOPMENT_TEAM = 896VMXCQU5;
				GENERATE_INFOPLIST_FILE = YES;
				INFOPLIST_FILE = "Idle-Factory-Info.plist";
				INFOPLIST_KEY_UIApplicationSupportsIndirectInputEvents = YES;
				INFOPLIST_KEY_UILaunchStoryboardName = LaunchScreen;
				INFOPLIST_KEY_UIMainStoryboardFile = Main;
				INFOPLIST_KEY_UIRequiresFullScreen = YES;
				INFOPLIST_KEY_UIStatusBarHidden = YES;
				INFOPLIST_KEY_UISupportedInterfaceOrientations_iPad = UIInterfaceOrientationLandscapeRight;
				INFOPLIST_KEY_UISupportedInterfaceOrientations_iPhone = UIInterfaceOrientationLandscapeRight;
				IPHONEOS_DEPLOYMENT_TARGET = 14.0;
				LD_RUNPATH_SEARCH_PATHS = (
					"$(inherited)",
					"@executable_path/Frameworks",
				);
				MARKETING_VERSION = 1.0;
				PRODUCT_BUNDLE_IDENTIFIER = "LucasJusto.Idle-Factory";
				PRODUCT_NAME = "$(TARGET_NAME)";
				PROVISIONING_PROFILE_SPECIFIER = IdleFactory;
				SWIFT_EMIT_LOC_STRINGS = YES;
				SWIFT_VERSION = 5.0;
				TARGETED_DEVICE_FAMILY = "1,2";
			};
			name = Release;
		};
/* End XCBuildConfiguration section */

/* Begin XCConfigurationList section */
		487A19E72715504000723065 /* Build configuration list for PBXProject "Idle Factory" */ = {
			isa = XCConfigurationList;
			buildConfigurations = (
				487A1A012715504300723065 /* Debug */,
				487A1A022715504300723065 /* Release */,
			);
			defaultConfigurationIsVisible = 0;
			defaultConfigurationName = Release;
		};
		487A1A032715504300723065 /* Build configuration list for PBXNativeTarget "Idle Factory" */ = {
			isa = XCConfigurationList;
			buildConfigurations = (
				487A1A042715504300723065 /* Debug */,
				487A1A052715504300723065 /* Release */,
			);
			defaultConfigurationIsVisible = 0;
			defaultConfigurationName = Release;
		};
/* End XCConfigurationList section */
	};
	rootObject = 487A19E42715504000723065 /* Project object */;
}
