// !$*UTF8*$!
{
	archiveVersion = 1;
	classes = {
	};
	objectVersion = 55;
	objects = {

/* Begin PBXBuildFile section */
		4850FF542718CB3B00C8CE97 /* CloudKit.framework in Frameworks */ = {isa = PBXBuildFile; fileRef = 4850FF532718CB3B00C8CE97 /* CloudKit.framework */; };
		487A19F02715504000723065 /* AppDelegate.swift in Sources */ = {isa = PBXBuildFile; fileRef = 487A19EF2715504000723065 /* AppDelegate.swift */; };
		487A19F62715504000723065 /* GameScene.swift in Sources */ = {isa = PBXBuildFile; fileRef = 487A19F52715504000723065 /* GameScene.swift */; };
		487A19F82715504000723065 /* GameViewController.swift in Sources */ = {isa = PBXBuildFile; fileRef = 487A19F72715504000723065 /* GameViewController.swift */; };
		487A19FB2715504000723065 /* Main.storyboard in Resources */ = {isa = PBXBuildFile; fileRef = 487A19F92715504000723065 /* Main.storyboard */; };
		487A19FD2715504300723065 /* Assets.xcassets in Resources */ = {isa = PBXBuildFile; fileRef = 487A19FC2715504300723065 /* Assets.xcassets */; };
		487A1A002715504300723065 /* LaunchScreen.storyboard in Resources */ = {isa = PBXBuildFile; fileRef = 487A19FE2715504300723065 /* LaunchScreen.storyboard */; };
		487A1A072715516900723065 /* Camera.swift in Sources */ = {isa = PBXBuildFile; fileRef = 487A1A062715516900723065 /* Camera.swift */; };
		487A1A09271551BA00723065 /* Generator.swift in Sources */ = {isa = PBXBuildFile; fileRef = 487A1A08271551BA00723065 /* Generator.swift */; };
		487A1A0B2715520D00723065 /* Upgradable.swift in Sources */ = {isa = PBXBuildFile; fileRef = 487A1A0A2715520D00723065 /* Upgradable.swift */; };
		5567745C271A09A7006BA5C0 /* Factory.swift in Sources */ = {isa = PBXBuildFile; fileRef = 5567745B271A09A7006BA5C0 /* Factory.swift */; };
		55BD52A92718BC2C0057C7C0 /* User.swift in Sources */ = {isa = PBXBuildFile; fileRef = 55BD52A82718BC2C0057C7C0 /* User.swift */; };
/* End PBXBuildFile section */

/* Begin PBXFileReference section */
		4850FF512718CB3800C8CE97 /* Idle Factory.entitlements */ = {isa = PBXFileReference; lastKnownFileType = text.plist.entitlements; path = "Idle Factory.entitlements"; sourceTree = "<group>"; };
		4850FF532718CB3B00C8CE97 /* CloudKit.framework */ = {isa = PBXFileReference; lastKnownFileType = wrapper.framework; name = CloudKit.framework; path = System/Library/Frameworks/CloudKit.framework; sourceTree = SDKROOT; };
		487A19EC2715504000723065 /* Idle Factory.app */ = {isa = PBXFileReference; explicitFileType = wrapper.application; includeInIndex = 0; path = "Idle Factory.app"; sourceTree = BUILT_PRODUCTS_DIR; };
		487A19EF2715504000723065 /* AppDelegate.swift */ = {isa = PBXFileReference; lastKnownFileType = sourcecode.swift; path = AppDelegate.swift; sourceTree = "<group>"; };
		487A19F52715504000723065 /* GameScene.swift */ = {isa = PBXFileReference; lastKnownFileType = sourcecode.swift; path = GameScene.swift; sourceTree = "<group>"; };
		487A19F72715504000723065 /* GameViewController.swift */ = {isa = PBXFileReference; lastKnownFileType = sourcecode.swift; path = GameViewController.swift; sourceTree = "<group>"; };
		487A19FA2715504000723065 /* Base */ = {isa = PBXFileReference; lastKnownFileType = file.storyboard; name = Base; path = Base.lproj/Main.storyboard; sourceTree = "<group>"; };
		487A19FC2715504300723065 /* Assets.xcassets */ = {isa = PBXFileReference; lastKnownFileType = folder.assetcatalog; path = Assets.xcassets; sourceTree = "<group>"; };
		487A19FF2715504300723065 /* Base */ = {isa = PBXFileReference; lastKnownFileType = file.storyboard; name = Base; path = Base.lproj/LaunchScreen.storyboard; sourceTree = "<group>"; };
		487A1A062715516900723065 /* Camera.swift */ = {isa = PBXFileReference; lastKnownFileType = sourcecode.swift; path = Camera.swift; sourceTree = "<group>"; };
		487A1A08271551BA00723065 /* Generator.swift */ = {isa = PBXFileReference; lastKnownFileType = sourcecode.swift; path = Generator.swift; sourceTree = "<group>"; };
		487A1A0A2715520D00723065 /* Upgradable.swift */ = {isa = PBXFileReference; lastKnownFileType = sourcecode.swift; path = Upgradable.swift; sourceTree = "<group>"; };
		5567745B271A09A7006BA5C0 /* Factory.swift */ = {isa = PBXFileReference; lastKnownFileType = sourcecode.swift; path = Factory.swift; sourceTree = "<group>"; };
		55BD52A82718BC2C0057C7C0 /* User.swift */ = {isa = PBXFileReference; lastKnownFileType = sourcecode.swift; path = User.swift; sourceTree = "<group>"; };
/* End PBXFileReference section */

/* Begin PBXFrameworksBuildPhase section */
		487A19E92715504000723065 /* Frameworks */ = {
			isa = PBXFrameworksBuildPhase;
			buildActionMask = 2147483647;
			files = (
				4850FF542718CB3B00C8CE97 /* CloudKit.framework in Frameworks */,
			);
			runOnlyForDeploymentPostprocessing = 0;
		};
/* End PBXFrameworksBuildPhase section */

/* Begin PBXGroup section */
		4850FF522718CB3B00C8CE97 /* Frameworks */ = {
			isa = PBXGroup;
			children = (
				4850FF532718CB3B00C8CE97 /* CloudKit.framework */,
			);
			name = Frameworks;
			sourceTree = "<group>";
		};
		487A19E32715504000723065 = {
			isa = PBXGroup;
			children = (
				487A19EE2715504000723065 /* Idle Factory */,
				487A19ED2715504000723065 /* Products */,
				4850FF522718CB3B00C8CE97 /* Frameworks */,
			);
			sourceTree = "<group>";
		};
		487A19ED2715504000723065 /* Products */ = {
			isa = PBXGroup;
			children = (
				487A19EC2715504000723065 /* Idle Factory.app */,
			);
			name = Products;
			sourceTree = "<group>";
		};
		487A19EE2715504000723065 /* Idle Factory */ = {
			isa = PBXGroup;
			children = (
				4850FF512718CB3800C8CE97 /* Idle Factory.entitlements */,
				487A19EF2715504000723065 /* AppDelegate.swift */,
				487A19F52715504000723065 /* GameScene.swift */,
				487A19F72715504000723065 /* GameViewController.swift */,
				487A19F92715504000723065 /* Main.storyboard */,
				487A19FC2715504300723065 /* Assets.xcassets */,
				487A19FE2715504300723065 /* LaunchScreen.storyboard */,
				487A1A062715516900723065 /* Camera.swift */,
				487A1A0E271552C700723065 /* Base */,
			);
			path = "Idle Factory";
			sourceTree = "<group>";
		};
		487A1A0E271552C700723065 /* Base */ = {
			isa = PBXGroup;
			children = (
				487A1A08271551BA00723065 /* Generator.swift */,
				487A1A0A2715520D00723065 /* Upgradable.swift */,
				55BD52A82718BC2C0057C7C0 /* User.swift */,
				5567745B271A09A7006BA5C0 /* Factory.swift */,
			);
			path = Base;
			sourceTree = "<group>";
		};
/* End PBXGroup section */

/* Begin PBXNativeTarget section */
		487A19EB2715504000723065 /* Idle Factory */ = {
			isa = PBXNativeTarget;
			buildConfigurationList = 487A1A032715504300723065 /* Build configuration list for PBXNativeTarget "Idle Factory" */;
			buildPhases = (
				487A19E82715504000723065 /* Sources */,
				487A19E92715504000723065 /* Frameworks */,
				487A19EA2715504000723065 /* Resources */,
			);
			buildRules = (
			);
			dependencies = (
			);
			name = "Idle Factory";
			productName = "Idle Factory";
			productReference = 487A19EC2715504000723065 /* Idle Factory.app */;
			productType = "com.apple.product-type.application";
		};
/* End PBXNativeTarget section */

/* Begin PBXProject section */
		487A19E42715504000723065 /* Project object */ = {
			isa = PBXProject;
			attributes = {
				BuildIndependentTargetsInParallel = 1;
				LastSwiftUpdateCheck = 1300;
				LastUpgradeCheck = 1300;
				TargetAttributes = {
					487A19EB2715504000723065 = {
						CreatedOnToolsVersion = 13.0;
					};
				};
			};
			buildConfigurationList = 487A19E72715504000723065 /* Build configuration list for PBXProject "Idle Factory" */;
			compatibilityVersion = "Xcode 13.0";
			developmentRegion = en;
			hasScannedForEncodings = 0;
			knownRegions = (
				en,
				Base,
			);
			mainGroup = 487A19E32715504000723065;
			productRefGroup = 487A19ED2715504000723065 /* Products */;
			projectDirPath = "";
			projectRoot = "";
			targets = (
				487A19EB2715504000723065 /* Idle Factory */,
			);
		};
/* End PBXProject section */

/* Begin PBXResourcesBuildPhase section */
		487A19EA2715504000723065 /* Resources */ = {
			isa = PBXResourcesBuildPhase;
			buildActionMask = 2147483647;
			files = (
				487A19FB2715504000723065 /* Main.storyboard in Resources */,
				487A19FD2715504300723065 /* Assets.xcassets in Resources */,
				487A1A002715504300723065 /* LaunchScreen.storyboard in Resources */,
			);
			runOnlyForDeploymentPostprocessing = 0;
		};
/* End PBXResourcesBuildPhase section */

/* Begin PBXSourcesBuildPhase section */
		487A19E82715504000723065 /* Sources */ = {
			isa = PBXSourcesBuildPhase;
			buildActionMask = 2147483647;
			files = (
				5567745C271A09A7006BA5C0 /* Factory.swift in Sources */,
				487A1A0B2715520D00723065 /* Upgradable.swift in Sources */,
				487A1A072715516900723065 /* Camera.swift in Sources */,
				487A19F62715504000723065 /* GameScene.swift in Sources */,
				487A19F82715504000723065 /* GameViewController.swift in Sources */,
				55BD52A92718BC2C0057C7C0 /* User.swift in Sources */,
				487A19F02715504000723065 /* AppDelegate.swift in Sources */,
				487A1A09271551BA00723065 /* Generator.swift in Sources */,
			);
			runOnlyForDeploymentPostprocessing = 0;
		};
/* End PBXSourcesBuildPhase section */

/* Begin PBXVariantGroup section */
		487A19F92715504000723065 /* Main.storyboard */ = {
			isa = PBXVariantGroup;
			children = (
				487A19FA2715504000723065 /* Base */,
			);
			name = Main.storyboard;
			sourceTree = "<group>";
		};
		487A19FE2715504300723065 /* LaunchScreen.storyboard */ = {
			isa = PBXVariantGroup;
			children = (
				487A19FF2715504300723065 /* Base */,
			);
			name = LaunchScreen.storyboard;
			sourceTree = "<group>";
		};
/* End PBXVariantGroup section */

/* Begin XCBuildConfiguration section */
		487A1A012715504300723065 /* Debug */ = {
			isa = XCBuildConfiguration;
			buildSettings = {
				ALWAYS_SEARCH_USER_PATHS = NO;
				CLANG_ANALYZER_NONNULL = YES;
				CLANG_ANALYZER_NUMBER_OBJECT_CONVERSION = YES_AGGRESSIVE;
				CLANG_CXX_LANGUAGE_STANDARD = "gnu++17";
				CLANG_CXX_LIBRARY = "libc++";
				CLANG_ENABLE_MODULES = YES;
				CLANG_ENABLE_OBJC_ARC = YES;
				CLANG_ENABLE_OBJC_WEAK = YES;
				CLANG_WARN_BLOCK_CAPTURE_AUTORELEASING = YES;
				CLANG_WARN_BOOL_CONVERSION = YES;
				CLANG_WARN_COMMA = YES;
				CLANG_WARN_CONSTANT_CONVERSION = YES;
				CLANG_WARN_DEPRECATED_OBJC_IMPLEMENTATIONS = YES;
				CLANG_WARN_DIRECT_OBJC_ISA_USAGE = YES_ERROR;
				CLANG_WARN_DOCUMENTATION_COMMENTS = YES;
				CLANG_WARN_EMPTY_BODY = YES;
				CLANG_WARN_ENUM_CONVERSION = YES;
				CLANG_WARN_INFINITE_RECURSION = YES;
				CLANG_WARN_INT_CONVERSION = YES;
				CLANG_WARN_NON_LITERAL_NULL_CONVERSION = YES;
				CLANG_WARN_OBJC_IMPLICIT_RETAIN_SELF = YES;
				CLANG_WARN_OBJC_LITERAL_CONVERSION = YES;
				CLANG_WARN_OBJC_ROOT_CLASS = YES_ERROR;
				CLANG_WARN_QUOTED_INCLUDE_IN_FRAMEWORK_HEADER = YES;
				CLANG_WARN_RANGE_LOOP_ANALYSIS = YES;
				CLANG_WARN_STRICT_PROTOTYPES = YES;
				CLANG_WARN_SUSPICIOUS_MOVE = YES;
				CLANG_WARN_UNGUARDED_AVAILABILITY = YES_AGGRESSIVE;
				CLANG_WARN_UNREACHABLE_CODE = YES;
				CLANG_WARN__DUPLICATE_METHOD_MATCH = YES;
				COPY_PHASE_STRIP = NO;
				DEBUG_INFORMATION_FORMAT = dwarf;
				ENABLE_STRICT_OBJC_MSGSEND = YES;
				ENABLE_TESTABILITY = YES;
				GCC_C_LANGUAGE_STANDARD = gnu11;
				GCC_DYNAMIC_NO_PIC = NO;
				GCC_NO_COMMON_BLOCKS = YES;
				GCC_OPTIMIZATION_LEVEL = 0;
				GCC_PREPROCESSOR_DEFINITIONS = (
					"DEBUG=1",
					"$(inherited)",
				);
				GCC_WARN_64_TO_32_BIT_CONVERSION = YES;
				GCC_WARN_ABOUT_RETURN_TYPE = YES_ERROR;
				GCC_WARN_UNDECLARED_SELECTOR = YES;
				GCC_WARN_UNINITIALIZED_AUTOS = YES_AGGRESSIVE;
				GCC_WARN_UNUSED_FUNCTION = YES;
				GCC_WARN_UNUSED_VARIABLE = YES;
				IPHONEOS_DEPLOYMENT_TARGET = 15.0;
				MTL_ENABLE_DEBUG_INFO = INCLUDE_SOURCE;
				MTL_FAST_MATH = YES;
				ONLY_ACTIVE_ARCH = YES;
				SDKROOT = iphoneos;
				SWIFT_ACTIVE_COMPILATION_CONDITIONS = DEBUG;
				SWIFT_OPTIMIZATION_LEVEL = "-Onone";
			};
			name = Debug;
		};
		487A1A022715504300723065 /* Release */ = {
			isa = XCBuildConfiguration;
			buildSettings = {
				ALWAYS_SEARCH_USER_PATHS = NO;
				CLANG_ANALYZER_NONNULL = YES;
				CLANG_ANALYZER_NUMBER_OBJECT_CONVERSION = YES_AGGRESSIVE;
				CLANG_CXX_LANGUAGE_STANDARD = "gnu++17";
				CLANG_CXX_LIBRARY = "libc++";
				CLANG_ENABLE_MODULES = YES;
				CLANG_ENABLE_OBJC_ARC = YES;
				CLANG_ENABLE_OBJC_WEAK = YES;
				CLANG_WARN_BLOCK_CAPTURE_AUTORELEASING = YES;
				CLANG_WARN_BOOL_CONVERSION = YES;
				CLANG_WARN_COMMA = YES;
				CLANG_WARN_CONSTANT_CONVERSION = YES;
				CLANG_WARN_DEPRECATED_OBJC_IMPLEMENTATIONS = YES;
				CLANG_WARN_DIRECT_OBJC_ISA_USAGE = YES_ERROR;
				CLANG_WARN_DOCUMENTATION_COMMENTS = YES;
				CLANG_WARN_EMPTY_BODY = YES;
				CLANG_WARN_ENUM_CONVERSION = YES;
				CLANG_WARN_INFINITE_RECURSION = YES;
				CLANG_WARN_INT_CONVERSION = YES;
				CLANG_WARN_NON_LITERAL_NULL_CONVERSION = YES;
				CLANG_WARN_OBJC_IMPLICIT_RETAIN_SELF = YES;
				CLANG_WARN_OBJC_LITERAL_CONVERSION = YES;
				CLANG_WARN_OBJC_ROOT_CLASS = YES_ERROR;
				CLANG_WARN_QUOTED_INCLUDE_IN_FRAMEWORK_HEADER = YES;
				CLANG_WARN_RANGE_LOOP_ANALYSIS = YES;
				CLANG_WARN_STRICT_PROTOTYPES = YES;
				CLANG_WARN_SUSPICIOUS_MOVE = YES;
				CLANG_WARN_UNGUARDED_AVAILABILITY = YES_AGGRESSIVE;
				CLANG_WARN_UNREACHABLE_CODE = YES;
				CLANG_WARN__DUPLICATE_METHOD_MATCH = YES;
				COPY_PHASE_STRIP = NO;
				DEBUG_INFORMATION_FORMAT = "dwarf-with-dsym";
				ENABLE_NS_ASSERTIONS = NO;
				ENABLE_STRICT_OBJC_MSGSEND = YES;
				GCC_C_LANGUAGE_STANDARD = gnu11;
				GCC_NO_COMMON_BLOCKS = YES;
				GCC_WARN_64_TO_32_BIT_CONVERSION = YES;
				GCC_WARN_ABOUT_RETURN_TYPE = YES_ERROR;
				GCC_WARN_UNDECLARED_SELECTOR = YES;
				GCC_WARN_UNINITIALIZED_AUTOS = YES_AGGRESSIVE;
				GCC_WARN_UNUSED_FUNCTION = YES;
				GCC_WARN_UNUSED_VARIABLE = YES;
				IPHONEOS_DEPLOYMENT_TARGET = 15.0;
				MTL_ENABLE_DEBUG_INFO = NO;
				MTL_FAST_MATH = YES;
				SDKROOT = iphoneos;
				SWIFT_COMPILATION_MODE = wholemodule;
				SWIFT_OPTIMIZATION_LEVEL = "-O";
				VALIDATE_PRODUCT = YES;
			};
			name = Release;
		};
		487A1A042715504300723065 /* Debug */ = {
			isa = XCBuildConfiguration;
			buildSettings = {
				ASSETCATALOG_COMPILER_APPICON_NAME = AppIcon;
				ASSETCATALOG_COMPILER_GLOBAL_ACCENT_COLOR_NAME = AccentColor;
				CODE_SIGN_ENTITLEMENTS = "Idle Factory/Idle Factory.entitlements";
				CODE_SIGN_IDENTITY = "iPhone Developer";
				CODE_SIGN_STYLE = Manual;
				CURRENT_PROJECT_VERSION = 1;
				DEVELOPMENT_TEAM = 6GD2RK7JQN;
				GENERATE_INFOPLIST_FILE = YES;
				INFOPLIST_KEY_UIApplicationSupportsIndirectInputEvents = YES;
				INFOPLIST_KEY_UILaunchStoryboardName = LaunchScreen;
				INFOPLIST_KEY_UIMainStoryboardFile = Main;
				INFOPLIST_KEY_UIStatusBarHidden = YES;
				INFOPLIST_KEY_UISupportedInterfaceOrientations_iPad = "UIInterfaceOrientationPortrait UIInterfaceOrientationPortraitUpsideDown UIInterfaceOrientationLandscapeLeft UIInterfaceOrientationLandscapeRight";
				INFOPLIST_KEY_UISupportedInterfaceOrientations_iPhone = "UIInterfaceOrientationPortrait UIInterfaceOrientationLandscapeLeft UIInterfaceOrientationLandscapeRight";
				IPHONEOS_DEPLOYMENT_TARGET = 14.0;
				LD_RUNPATH_SEARCH_PATHS = (
					"$(inherited)",
					"@executable_path/Frameworks",
				);
				MARKETING_VERSION = 1.0;
				PRODUCT_BUNDLE_IDENTIFIER = "LucasJusto.Idle-Factory";
				PRODUCT_NAME = "$(TARGET_NAME)";
				PROVISIONING_PROFILE_SPECIFIER = IdleFactory;
				SWIFT_EMIT_LOC_STRINGS = YES;
				SWIFT_VERSION = 5.0;
				TARGETED_DEVICE_FAMILY = "1,2";
			};
			name = Debug;
		};
		487A1A052715504300723065 /* Release */ = {
			isa = XCBuildConfiguration;
			buildSettings = {
				ASSETCATALOG_COMPILER_APPICON_NAME = AppIcon;
				ASSETCATALOG_COMPILER_GLOBAL_ACCENT_COLOR_NAME = AccentColor;
				CODE_SIGN_ENTITLEMENTS = "Idle Factory/Idle Factory.entitlements";
				CODE_SIGN_IDENTITY = "iPhone Developer";
				CODE_SIGN_STYLE = Manual;
				CURRENT_PROJECT_VERSION = 1;
				DEVELOPMENT_TEAM = 6GD2RK7JQN;
				GENERATE_INFOPLIST_FILE = YES;
				INFOPLIST_KEY_UIApplicationSupportsIndirectInputEvents = YES;
				INFOPLIST_KEY_UILaunchStoryboardName = LaunchScreen;
				INFOPLIST_KEY_UIMainStoryboardFile = Main;
				INFOPLIST_KEY_UIStatusBarHidden = YES;
				INFOPLIST_KEY_UISupportedInterfaceOrientations_iPad = "UIInterfaceOrientationPortrait UIInterfaceOrientationPortraitUpsideDown UIInterfaceOrientationLandscapeLeft UIInterfaceOrientationLandscapeRight";
				INFOPLIST_KEY_UISupportedInterfaceOrientations_iPhone = "UIInterfaceOrientationPortrait UIInterfaceOrientationLandscapeLeft UIInterfaceOrientationLandscapeRight";
				IPHONEOS_DEPLOYMENT_TARGET = 14.0;
				LD_RUNPATH_SEARCH_PATHS = (
					"$(inherited)",
					"@executable_path/Frameworks",
				);
				MARKETING_VERSION = 1.0;
				PRODUCT_BUNDLE_IDENTIFIER = "LucasJusto.Idle-Factory";
				PRODUCT_NAME = "$(TARGET_NAME)";
				PROVISIONING_PROFILE_SPECIFIER = IdleFactory;
				SWIFT_EMIT_LOC_STRINGS = YES;
				SWIFT_VERSION = 5.0;
				TARGETED_DEVICE_FAMILY = "1,2";
			};
			name = Release;
		};
/* End XCBuildConfiguration section */

/* Begin XCConfigurationList section */
		487A19E72715504000723065 /* Build configuration list for PBXProject "Idle Factory" */ = {
			isa = XCConfigurationList;
			buildConfigurations = (
				487A1A012715504300723065 /* Debug */,
				487A1A022715504300723065 /* Release */,
			);
			defaultConfigurationIsVisible = 0;
			defaultConfigurationName = Release;
		};
		487A1A032715504300723065 /* Build configuration list for PBXNativeTarget "Idle Factory" */ = {
			isa = XCConfigurationList;
			buildConfigurations = (
				487A1A042715504300723065 /* Debug */,
				487A1A052715504300723065 /* Release */,
			);
			defaultConfigurationIsVisible = 0;
			defaultConfigurationName = Release;
		};
/* End XCConfigurationList section */
	};
	rootObject = 487A19E42715504000723065 /* Project object */;
}
